<?xml version="1.0" encoding="UTF-8"?>
<!DOCTYPE plist PUBLIC "-//Apple//DTD PLIST 1.0//EN" "http://www.apple.com/DTDs/PropertyList-1.0.dtd">
<plist version="1.0">
<dict>
	<key>archiveVersion</key>
	<string>1</string>
	<key>classes</key>
	<dict/>
	<key>objectVersion</key>
	<string>46</string>
	<key>objects</key>
	<dict>
		<key>082E93CD73E647C8BD59C813</key>
		<dict>
			<key>children</key>
			<array>
				<string>F20362B5D3474E0CB543F719</string>
				<string>7061CDB495204AB78B60778D</string>
			</array>
			<key>isa</key>
			<string>PBXGroup</string>
			<key>name</key>
			<string>Resources</string>
			<key>path</key>
			<string>resources</string>
			<key>sourceTree</key>
			<string>&lt;group&gt;</string>
		</dict>
		<key>0D24E941BB584364BD0D9594</key>
		<dict>
			<key>includeInIndex</key>
			<string>1</string>
			<key>isa</key>
			<string>PBXFileReference</string>
			<key>lastKnownFileType</key>
			<string>wrapper.framework</string>
			<key>name</key>
			<string>QuartzCore.framework</string>
			<key>path</key>
			<string>Platforms/iPhoneOS.platform/Developer/SDKs/iPhoneOS6.1.sdk/System/Library/Frameworks/QuartzCore.framework</string>
			<key>sourceTree</key>
			<string>DEVELOPER_DIR</string>
		</dict>
		<key>0FB15A6A367245AE9DCAD885</key>
		<dict>
			<key>includeInIndex</key>
			<string>1</string>
			<key>isa</key>
			<string>PBXFileReference</string>
			<key>lastKnownFileType</key>
			<string>sourcecode.c.h</string>
			<key>name</key>
			<string>JSONKit.h</string>
			<key>path</key>
			<string>vendor/Pods/Headers/JSONKit/JSONKit.h</string>
			<key>sourceTree</key>
			<string>SOURCE_ROOT</string>
		</dict>
		<key>15067CAA4D504EB798E92507</key>
		<dict>
			<key>attributes</key>
			<dict>
				<key>LastUpgradeCheck</key>
				<string>0450</string>
			</dict>
			<key>buildConfigurationList</key>
			<string>C94514736760440A9F9B1E3E</string>
			<key>compatibilityVersion</key>
			<string>Xcode 3.2</string>
			<key>developmentRegion</key>
			<string>English</string>
			<key>hasScannedForEncodings</key>
			<string>0</string>
			<key>isa</key>
			<string>PBXProject</string>
			<key>knownRegions</key>
			<array>
				<string>en</string>
			</array>
			<key>mainGroup</key>
			<string>CD8C6EFF56A842748B2425AD</string>
			<key>productRefGroup</key>
			<string>8E19893E18ED4B649BA2452F</string>
			<key>projectReferences</key>
			<array/>
			<key>targets</key>
			<array>
				<string>CCF1191BEA6E42399F1CB1B0</string>
			</array>
		</dict>
		<key>17A52CC262924173A2AA9E9F</key>
		<dict>
			<key>children</key>
			<array>
				<string>3AAA1860427E43E58DE99157</string>
				<string>B34E913238F644DD9C24054D</string>
			</array>
			<key>isa</key>
			<string>PBXGroup</string>
			<key>name</key>
			<string>Supporting Files</string>
			<key>path</key>
			<string>ib.xcodeproj</string>
			<key>sourceTree</key>
			<string>&lt;group&gt;</string>
		</dict>
		<key>182C77D14B7347D39B9BD718</key>
		<dict>
			<key>fileRef</key>
			<string>B34E913238F644DD9C24054D</string>
			<key>isa</key>
			<string>PBXBuildFile</string>
			<key>settings</key>
			<dict/>
		</dict>
		<key>205DF24929CF4DB9A19D1D39</key>
		<dict>
			<key>buildSettings</key>
			<dict>
				<key>ALWAYS_SEARCH_USER_PATHS</key>
				<string>NO</string>
				<key>ARCHS</key>
				<string>$(ARCHS_STANDARD_32_BIT)</string>
				<key>COPY_PHASE_STRIP</key>
				<string>YES</string>
				<key>DSTROOT</key>
				<string>/tmp/xcodeproj.dst</string>
				<key>GCC_C_LANGUAGE_STANDARD</key>
				<string>gnu99</string>
				<key>GCC_PRECOMPILE_PREFIX_HEADER</key>
				<string>YES</string>
				<key>GCC_VERSION</key>
				<string>com.apple.compilers.llvm.clang.1_0</string>
				<key>INSTALL_PATH</key>
				<string>$(BUILT_PRODUCTS_DIR)</string>
				<key>IPHONEOS_DEPLOYMENT_TARGET</key>
				<string>4.3</string>
				<key>OTHER_CFLAGS</key>
				<array>
					<string>-DNS_BLOCK_ASSERTIONS=1</string>
					<string>$(inherited)</string>
				</array>
				<key>OTHER_CPLUSPLUSFLAGS</key>
				<array>
					<string>-DNS_BLOCK_ASSERTIONS=1</string>
					<string>$(inherited)</string>
				</array>
				<key>OTHER_LDFLAGS</key>
				<string></string>
				<key>PRODUCT_NAME</key>
				<string>$(TARGET_NAME)</string>
				<key>PUBLIC_HEADERS_FOLDER_PATH</key>
				<string>$(TARGET_NAME)</string>
				<key>SDKROOT</key>
				<string>iphoneos</string>
				<key>SKIP_INSTALL</key>
				<string>YES</string>
				<key>VALIDATE_PRODUCT</key>
				<string>YES</string>
			</dict>
			<key>isa</key>
			<string>XCBuildConfiguration</string>
			<key>name</key>
			<string>Release</string>
		</dict>
		<key>23EED15ED3254F60AE7B7ADB</key>
		<dict>
			<key>includeInIndex</key>
			<string>1</string>
			<key>isa</key>
			<string>PBXFileReference</string>
			<key>lastKnownFileType</key>
			<string>sourcecode.c.h</string>
			<key>name</key>
			<string>UIImageView+AFNetworking.h</string>
			<key>path</key>
			<string>vendor/Pods/Headers/AFNetworking/UIImageView+AFNetworking.h</string>
			<key>sourceTree</key>
			<string>SOURCE_ROOT</string>
		</dict>
		<key>293EBAD69A0F42618730D61F</key>
		<dict>
			<key>children</key>
			<array>
				<string>8DF6D44B9F0C4AF9B80DA060</string>
				<string>4DD5078638E14594942056B1</string>
				<string>D5C7D6E80B13459CA7E51D0E</string>
				<string>90660D1C683345DB824737C8</string>
				<string>2EF60ADD0E4A451B9F2C681E</string>
				<string>E205DECDAD0741ABBD8B2C58</string>
				<string>B839D0776A6F404E924FDD84</string>
				<string>FBE21D5EB8224534B696D6DF</string>
				<string>F0A62CF957D54D9E8DA744B1</string>
				<string>23EED15ED3254F60AE7B7ADB</string>
				<string>0FB15A6A367245AE9DCAD885</string>
				<string>998A5CA2058F4ADC8C66DBF3</string>
				<string>C6FF862D74324588BAE4A9F5</string>
			</array>
			<key>isa</key>
			<string>PBXGroup</string>
			<key>name</key>
			<string>Pods</string>
			<key>path</key>
			<string>vendor/Pods/Headers</string>
			<key>sourceTree</key>
			<string>&lt;group&gt;</string>
		</dict>
		<key>2EF60ADD0E4A451B9F2C681E</key>
		<dict>
			<key>includeInIndex</key>
			<string>1</string>
			<key>isa</key>
			<string>PBXFileReference</string>
			<key>lastKnownFileType</key>
			<string>sourcecode.c.h</string>
			<key>name</key>
			<string>AFNetworkActivityIndicatorManager.h</string>
			<key>path</key>
			<string>vendor/Pods/Headers/AFNetworking/AFNetworkActivityIndicatorManager.h</string>
			<key>sourceTree</key>
			<string>SOURCE_ROOT</string>
		</dict>
		<key>3AAA1860427E43E58DE99157</key>
		<dict>
			<key>includeInIndex</key>
			<string>1</string>
			<key>isa</key>
			<string>PBXFileReference</string>
			<key>lastKnownFileType</key>
			<string>sourcecode.c.h</string>
			<key>name</key>
			<string>Stubs.h</string>
			<key>path</key>
			<string>ib.xcodeproj/Stubs.h</string>
			<key>sourceTree</key>
			<string>SOURCE_ROOT</string>
		</dict>
		<key>3C08510050C948D498E0CC29</key>
		<dict>
			<key>includeInIndex</key>
			<string>1</string>
			<key>isa</key>
			<string>PBXFileReference</string>
			<key>lastKnownFileType</key>
			<string>wrapper.framework</string>
			<key>name</key>
			<string>Foundation.framework</string>
			<key>path</key>
			<string>Platforms/iPhoneOS.platform/Developer/SDKs/iPhoneOS6.1.sdk/System/Library/Frameworks/Foundation.framework</string>
			<key>sourceTree</key>
			<string>DEVELOPER_DIR</string>
		</dict>
		<key>3C500A9069244782BE3545D7</key>
		<dict>
			<key>buildActionMask</key>
			<string>2147483647</string>
			<key>files</key>
			<array>
				<string>182C77D14B7347D39B9BD718</string>
			</array>
			<key>isa</key>
			<string>PBXSourcesBuildPhase</string>
			<key>runOnlyForDeploymentPostprocessing</key>
			<string>0</string>
		</dict>
		<key>4619F7C229984550BC3C9C37</key>
		<dict>
			<key>explicitFileType</key>
			<string>archive.ar</string>
			<key>includeInIndex</key>
			<string>0</string>
			<key>isa</key>
			<string>PBXFileReference</string>
			<key>name</key>
			<string>libib.a</string>
			<key>path</key>
			<string>libib.a</string>
			<key>sourceTree</key>
			<string>BUILT_PRODUCTS_DIR</string>
		</dict>
		<key>4DD5078638E14594942056B1</key>
		<dict>
			<key>includeInIndex</key>
			<string>1</string>
			<key>isa</key>
			<string>PBXFileReference</string>
			<key>lastKnownFileType</key>
			<string>sourcecode.c.h</string>
			<key>name</key>
			<string>AFHTTPRequestOperation.h</string>
			<key>path</key>
			<string>vendor/Pods/Headers/AFNetworking/AFHTTPRequestOperation.h</string>
			<key>sourceTree</key>
			<string>SOURCE_ROOT</string>
		</dict>
		<key>60FE6CEA73254B9894BD16AB</key>
		<dict>
			<key>buildSettings</key>
			<dict/>
			<key>isa</key>
			<string>XCBuildConfiguration</string>
			<key>name</key>
			<string>Debug</string>
		</dict>
		<key>6CBBD0B2255248E0ADC88C81</key>
		<dict>
			<key>fileRef</key>
			<string>3C08510050C948D498E0CC29</string>
			<key>isa</key>
			<string>PBXBuildFile</string>
			<key>settings</key>
			<dict/>
		</dict>
		<key>6F7842CA2DB244E7BAA63454</key>
		<dict>
			<key>includeInIndex</key>
			<string>1</string>
			<key>isa</key>
			<string>PBXFileReference</string>
			<key>lastKnownFileType</key>
			<string>wrapper.framework</string>
			<key>name</key>
			<string>CoreGraphics.framework</string>
			<key>path</key>
			<string>Platforms/iPhoneOS.platform/Developer/SDKs/iPhoneOS6.1.sdk/System/Library/Frameworks/CoreGraphics.framework</string>
			<key>sourceTree</key>
			<string>DEVELOPER_DIR</string>
		</dict>
		<key>7061CDB495204AB78B60778D</key>
		<dict>
			<key>includeInIndex</key>
			<string>1</string>
			<key>isa</key>
			<string>PBXFileReference</string>
			<key>name</key>
			<string>iPhone_Storyboard.storyboard</string>
			<key>path</key>
			<string>resources/iPhone_Storyboard.storyboard</string>
			<key>sourceTree</key>
			<string>SOURCE_ROOT</string>
		</dict>
		<key>8DF6D44B9F0C4AF9B80DA060</key>
		<dict>
			<key>includeInIndex</key>
			<string>1</string>
			<key>isa</key>
			<string>PBXFileReference</string>
			<key>lastKnownFileType</key>
			<string>sourcecode.c.h</string>
			<key>name</key>
			<string>AFHTTPClient.h</string>
			<key>path</key>
			<string>vendor/Pods/Headers/AFNetworking/AFHTTPClient.h</string>
			<key>sourceTree</key>
			<string>SOURCE_ROOT</string>
		</dict>
		<key>8E19893E18ED4B649BA2452F</key>
		<dict>
			<key>children</key>
			<array>
				<string>4619F7C229984550BC3C9C37</string>
			</array>
			<key>isa</key>
			<string>PBXGroup</string>
			<key>name</key>
			<string>Products</string>
			<key>sourceTree</key>
			<string>&lt;group&gt;</string>
		</dict>
		<key>90660D1C683345DB824737C8</key>
		<dict>
			<key>includeInIndex</key>
			<string>1</string>
			<key>isa</key>
			<string>PBXFileReference</string>
			<key>lastKnownFileType</key>
			<string>sourcecode.c.h</string>
			<key>name</key>
			<string>AFJSONRequestOperation.h</string>
			<key>path</key>
			<string>vendor/Pods/Headers/AFNetworking/AFJSONRequestOperation.h</string>
			<key>sourceTree</key>
			<string>SOURCE_ROOT</string>
		</dict>
		<key>9461665B6A27406A9B876E33</key>
		<dict>
			<key>buildSettings</key>
			<dict/>
			<key>isa</key>
			<string>XCBuildConfiguration</string>
			<key>name</key>
			<string>Release</string>
		</dict>
		<key>998A5CA2058F4ADC8C66DBF3</key>
		<dict>
			<key>includeInIndex</key>
			<string>1</string>
			<key>isa</key>
			<string>PBXFileReference</string>
			<key>lastKnownFileType</key>
			<string>sourcecode.c.h</string>
			<key>name</key>
			<string>Reachability.h</string>
			<key>path</key>
			<string>vendor/Pods/Headers/Reachability/Reachability.h</string>
			<key>sourceTree</key>
			<string>SOURCE_ROOT</string>
		</dict>
		<key>A94F02D03DDB4CC2B531EA6A</key>
		<dict>
			<key>children</key>
			<array>
				<string>3C08510050C948D498E0CC29</string>
				<string>0D24E941BB584364BD0D9594</string>
				<string>6F7842CA2DB244E7BAA63454</string>
				<string>D8181EAC444D46F0A53EA41D</string>
			</array>
			<key>isa</key>
			<string>PBXGroup</string>
			<key>name</key>
			<string>Frameworks</string>
			<key>sourceTree</key>
			<string>&lt;group&gt;</string>
		</dict>
		<key>B34E913238F644DD9C24054D</key>
		<dict>
			<key>includeInIndex</key>
			<string>1</string>
			<key>isa</key>
			<string>PBXFileReference</string>
			<key>lastKnownFileType</key>
			<string>sourcecode.c.objc</string>
			<key>name</key>
			<string>Stubs.m</string>
			<key>path</key>
			<string>ib.xcodeproj/Stubs.m</string>
			<key>sourceTree</key>
			<string>SOURCE_ROOT</string>
		</dict>
		<key>B839D0776A6F404E924FDD84</key>
		<dict>
			<key>includeInIndex</key>
			<string>1</string>
			<key>isa</key>
			<string>PBXFileReference</string>
			<key>lastKnownFileType</key>
			<string>sourcecode.c.h</string>
			<key>name</key>
			<string>AFPropertyListRequestOperation.h</string>
			<key>path</key>
			<string>vendor/Pods/Headers/AFNetworking/AFPropertyListRequestOperation.h</string>
			<key>sourceTree</key>
			<string>SOURCE_ROOT</string>
		</dict>
		<key>BD1583C18E5141F989B9B3C9</key>
		<dict>
			<key>buildActionMask</key>
			<string>2147483647</string>
			<key>files</key>
			<array>
				<string>6CBBD0B2255248E0ADC88C81</string>
			</array>
			<key>isa</key>
			<string>PBXFrameworksBuildPhase</string>
			<key>runOnlyForDeploymentPostprocessing</key>
			<string>0</string>
		</dict>
		<key>C6FF862D74324588BAE4A9F5</key>
		<dict>
			<key>includeInIndex</key>
			<string>1</string>
			<key>isa</key>
			<string>PBXFileReference</string>
			<key>lastKnownFileType</key>
			<string>sourcecode.c.h</string>
			<key>name</key>
			<string>SVProgressHUD.h</string>
			<key>path</key>
			<string>vendor/Pods/Headers/SVProgressHUD/SVProgressHUD.h</string>
			<key>sourceTree</key>
			<string>SOURCE_ROOT</string>
		</dict>
		<key>C94514736760440A9F9B1E3E</key>
		<dict>
			<key>buildConfigurations</key>
			<array>
				<string>9461665B6A27406A9B876E33</string>
				<string>60FE6CEA73254B9894BD16AB</string>
			</array>
			<key>defaultConfigurationIsVisible</key>
			<string>0</string>
			<key>defaultConfigurationName</key>
			<string>Release</string>
			<key>isa</key>
			<string>XCConfigurationList</string>
		</dict>
		<key>CCF1191BEA6E42399F1CB1B0</key>
		<dict>
			<key>buildConfigurationList</key>
			<string>FD21259284B14207AF31E112</string>
			<key>buildPhases</key>
			<array>
				<string>3C500A9069244782BE3545D7</string>
				<string>BD1583C18E5141F989B9B3C9</string>
			</array>
			<key>buildRules</key>
			<array/>
			<key>dependencies</key>
			<array/>
			<key>isa</key>
			<string>PBXNativeTarget</string>
			<key>name</key>
			<string>ib</string>
			<key>productName</key>
			<string>ib</string>
			<key>productReference</key>
			<string>4619F7C229984550BC3C9C37</string>
			<key>productType</key>
			<string>com.apple.product-type.library.static</string>
		</dict>
		<key>CD8C6EFF56A842748B2425AD</key>
		<dict>
			<key>children</key>
			<array>
				<string>8E19893E18ED4B649BA2452F</string>
				<string>A94F02D03DDB4CC2B531EA6A</string>
				<string>082E93CD73E647C8BD59C813</string>
				<string>17A52CC262924173A2AA9E9F</string>
				<string>293EBAD69A0F42618730D61F</string>
			</array>
			<key>isa</key>
			<string>PBXGroup</string>
			<key>sourceTree</key>
			<string>&lt;group&gt;</string>
		</dict>
		<key>D5C7D6E80B13459CA7E51D0E</key>
		<dict>
			<key>includeInIndex</key>
			<string>1</string>
			<key>isa</key>
			<string>PBXFileReference</string>
			<key>lastKnownFileType</key>
			<string>sourcecode.c.h</string>
			<key>name</key>
			<string>AFImageRequestOperation.h</string>
			<key>path</key>
			<string>vendor/Pods/Headers/AFNetworking/AFImageRequestOperation.h</string>
			<key>sourceTree</key>
			<string>SOURCE_ROOT</string>
		</dict>
		<key>D8181EAC444D46F0A53EA41D</key>
		<dict>
			<key>includeInIndex</key>
			<string>1</string>
			<key>isa</key>
			<string>PBXFileReference</string>
			<key>lastKnownFileType</key>
			<string>wrapper.framework</string>
			<key>name</key>
			<string>CoreData.framework</string>
			<key>path</key>
			<string>Platforms/iPhoneOS.platform/Developer/SDKs/iPhoneOS6.1.sdk/System/Library/Frameworks/CoreData.framework</string>
			<key>sourceTree</key>
			<string>DEVELOPER_DIR</string>
		</dict>
		<key>E205DECDAD0741ABBD8B2C58</key>
		<dict>
			<key>includeInIndex</key>
			<string>1</string>
			<key>isa</key>
			<string>PBXFileReference</string>
			<key>lastKnownFileType</key>
			<string>sourcecode.c.h</string>
			<key>name</key>
			<string>AFNetworking.h</string>
			<key>path</key>
			<string>vendor/Pods/Headers/AFNetworking/AFNetworking.h</string>
			<key>sourceTree</key>
			<string>SOURCE_ROOT</string>
		</dict>
		<key>EA920964A0B84C17BAEF4AF5</key>
		<dict>
			<key>buildSettings</key>
			<dict>
				<key>ALWAYS_SEARCH_USER_PATHS</key>
				<string>NO</string>
				<key>ARCHS</key>
				<string>$(ARCHS_STANDARD_32_BIT)</string>
				<key>COPY_PHASE_STRIP</key>
				<string>NO</string>
				<key>DSTROOT</key>
				<string>/tmp/xcodeproj.dst</string>
				<key>GCC_C_LANGUAGE_STANDARD</key>
				<string>gnu99</string>
				<key>GCC_DYNAMIC_NO_PIC</key>
				<string>NO</string>
				<key>GCC_OPTIMIZATION_LEVEL</key>
				<string>0</string>
				<key>GCC_PRECOMPILE_PREFIX_HEADER</key>
				<string>YES</string>
				<key>GCC_PREPROCESSOR_DEFINITIONS</key>
				<array>
					<string>DEBUG=1</string>
					<string>$(inherited)</string>
				</array>
				<key>GCC_SYMBOLS_PRIVATE_EXTERN</key>
				<string>NO</string>
				<key>GCC_VERSION</key>
				<string>com.apple.compilers.llvm.clang.1_0</string>
				<key>INSTALL_PATH</key>
				<string>$(BUILT_PRODUCTS_DIR)</string>
				<key>IPHONEOS_DEPLOYMENT_TARGET</key>
				<string>4.3</string>
				<key>OTHER_LDFLAGS</key>
				<string></string>
				<key>PRODUCT_NAME</key>
				<string>$(TARGET_NAME)</string>
				<key>PUBLIC_HEADERS_FOLDER_PATH</key>
				<string>$(TARGET_NAME)</string>
				<key>SDKROOT</key>
				<string>iphoneos</string>
				<key>SKIP_INSTALL</key>
				<string>YES</string>
			</dict>
			<key>isa</key>
			<string>XCBuildConfiguration</string>
			<key>name</key>
			<string>Debug</string>
		</dict>
		<key>F0A62CF957D54D9E8DA744B1</key>
		<dict>
			<key>includeInIndex</key>
			<string>1</string>
			<key>isa</key>
			<string>PBXFileReference</string>
			<key>lastKnownFileType</key>
			<string>sourcecode.c.h</string>
			<key>name</key>
			<string>AFXMLRequestOperation.h</string>
			<key>path</key>
			<string>vendor/Pods/Headers/AFNetworking/AFXMLRequestOperation.h</string>
			<key>sourceTree</key>
			<string>SOURCE_ROOT</string>
		</dict>
		<key>F20362B5D3474E0CB543F719</key>
		<dict>
			<key>includeInIndex</key>
			<string>1</string>
			<key>isa</key>
			<string>PBXFileReference</string>
			<key>name</key>
			<string>Default-568h@2x.png</string>
			<key>path</key>
			<string>resources/Default-568h@2x.png</string>
			<key>sourceTree</key>
			<string>SOURCE_ROOT</string>
		</dict>
		<key>FBE21D5EB8224534B696D6DF</key>
		<dict>
			<key>includeInIndex</key>
			<string>1</string>
			<key>isa</key>
			<string>PBXFileReference</string>
			<key>lastKnownFileType</key>
			<string>sourcecode.c.h</string>
			<key>name</key>
			<string>AFURLConnectionOperation.h</string>
			<key>path</key>
			<string>vendor/Pods/Headers/AFNetworking/AFURLConnectionOperation.h</string>
			<key>sourceTree</key>
			<string>SOURCE_ROOT</string>
		</dict>
		<key>FD21259284B14207AF31E112</key>
		<dict>
			<key>buildConfigurations</key>
			<array>
				<string>205DF24929CF4DB9A19D1D39</string>
				<string>EA920964A0B84C17BAEF4AF5</string>
			</array>
			<key>defaultConfigurationIsVisible</key>
			<string>0</string>
			<key>defaultConfigurationName</key>
			<string>Release</string>
			<key>isa</key>
			<string>XCConfigurationList</string>
		</dict>
	</dict>
	<key>rootObject</key>
	<string>15067CAA4D504EB798E92507</string>
</dict>
</plist>
